
Microsoft Visual Studio Solution File, Format Version 12.00
# Visual Studio Version 16
VisualStudioVersion = 16.0.31624.102
MinimumVisualStudioVersion = 10.0.40219.1
Project("{FAE04EC0-301F-11D3-BF4B-00C04F79EFBC}") = "ASPBoysGirlsIdentity", "ASPBoysGirlsIdentity.csproj", "{35BF9950-AF64-4917-A8AC-AD8BC65D567A}"
EndProject
Global
	GlobalSection(SolutionConfigurationPlatforms) = preSolution
		Debug|Any CPU = Debug|Any CPU
		Release|Any CPU = Release|Any CPU
	EndGlobalSection
	GlobalSection(ProjectConfigurationPlatforms) = postSolution
		{35BF9950-AF64-4917-A8AC-AD8BC65D567A}.Debug|Any CPU.ActiveCfg = Debug|Any CPU
		{35BF9950-AF64-4917-A8AC-AD8BC65D567A}.Debug|Any CPU.Build.0 = Debug|Any CPU
		{35BF9950-AF64-4917-A8AC-AD8BC65D567A}.Release|Any CPU.ActiveCfg = Release|Any CPU
		{35BF9950-AF64-4917-A8AC-AD8BC65D567A}.Release|Any CPU.Build.0 = Release|Any CPU
	EndGlobalSection
	GlobalSection(SolutionProperties) = preSolution
		HideSolutionNode = FALSE
	EndGlobalSection
	GlobalSection(ExtensibilityGlobals) = postSolution
		SolutionGuid = {96F7A3D8-3983-433C-A2D4-3B68B8429E79}
	EndGlobalSection
EndGlobal
